// !$*UTF8*$!
{
	archiveVersion = 1;
	classes = {
	};
	objectVersion = 56;
	objects = {

/* Begin PBXBuildFile section */
		0913264C2A570CF700D06198 /* PreviousRequestsViewController.swift in Sources */ = {isa = PBXBuildFile; fileRef = 0913264B2A570CF700D06198 /* PreviousRequestsViewController.swift */; };
		0981468A2A5A36B80084654A /* HomeServicesEnum.swift in Sources */ = {isa = PBXBuildFile; fileRef = 098146892A5A36B80084654A /* HomeServicesEnum.swift */; };
		0981468C2A5A3D070084654A /* HealthServicesEnum.swift in Sources */ = {isa = PBXBuildFile; fileRef = 0981468B2A5A3D070084654A /* HealthServicesEnum.swift */; };
		0981468F2A5A68F20084654A /* LoginViewController.swift in Sources */ = {isa = PBXBuildFile; fileRef = 0981468E2A5A68F20084654A /* LoginViewController.swift */; };
		098146922A5A6B1C0084654A /* requests.json in Resources */ = {isa = PBXBuildFile; fileRef = 098146912A5A6B1C0084654A /* requests.json */; };
		098146942A5A6B3B0084654A /* Request.swift in Sources */ = {isa = PBXBuildFile; fileRef = 098146932A5A6B3B0084654A /* Request.swift */; };
		098146972A5A6B9A0084654A /* JsonHelper.swift in Sources */ = {isa = PBXBuildFile; fileRef = 098146962A5A6B9A0084654A /* JsonHelper.swift */; };
		098E1BA42A4CDFE400E1ACAA /* HomeViewController.swift in Sources */ = {isa = PBXBuildFile; fileRef = 098E1BA32A4CDFE400E1ACAA /* HomeViewController.swift */; };
		098E1BA62A4CE2DE00E1ACAA /* ServiceRequestViewController.swift in Sources */ = {isa = PBXBuildFile; fileRef = 098E1BA52A4CE2DE00E1ACAA /* ServiceRequestViewController.swift */; };
		0993C99D2A4EFA6D000C0528 /* HealthViewController.swift in Sources */ = {isa = PBXBuildFile; fileRef = 0993C99C2A4EFA6D000C0528 /* HealthViewController.swift */; };
		09BF2C7A2A49B31B009F2EA1 /* AppDelegate.swift in Sources */ = {isa = PBXBuildFile; fileRef = 09BF2C792A49B31B009F2EA1 /* AppDelegate.swift */; };
		09BF2C7C2A49B31B009F2EA1 /* SceneDelegate.swift in Sources */ = {isa = PBXBuildFile; fileRef = 09BF2C7B2A49B31B009F2EA1 /* SceneDelegate.swift */; };
		09BF2C7E2A49B31B009F2EA1 /* FirstViewController.swift in Sources */ = {isa = PBXBuildFile; fileRef = 09BF2C7D2A49B31B009F2EA1 /* FirstViewController.swift */; };
		09BF2C812A49B31B009F2EA1 /* Main.storyboard in Resources */ = {isa = PBXBuildFile; fileRef = 09BF2C7F2A49B31B009F2EA1 /* Main.storyboard */; };
		09BF2C862A49B31D009F2EA1 /* LaunchScreen.storyboard in Resources */ = {isa = PBXBuildFile; fileRef = 09BF2C842A49B31D009F2EA1 /* LaunchScreen.storyboard */; };
		A004DE872A68A78F00AEDA1B /* Comments in Resources */ = {isa = PBXBuildFile; fileRef = A004DE862A68A78F00AEDA1B /* Comments */; };
/* End PBXBuildFile section */

/* Begin PBXFileReference section */
		0913264B2A570CF700D06198 /* PreviousRequestsViewController.swift */ = {isa = PBXFileReference; lastKnownFileType = sourcecode.swift; path = PreviousRequestsViewController.swift; sourceTree = "<group>"; };
		098146892A5A36B80084654A /* HomeServicesEnum.swift */ = {isa = PBXFileReference; lastKnownFileType = sourcecode.swift; path = HomeServicesEnum.swift; sourceTree = "<group>"; };
		0981468B2A5A3D070084654A /* HealthServicesEnum.swift */ = {isa = PBXFileReference; lastKnownFileType = sourcecode.swift; path = HealthServicesEnum.swift; sourceTree = "<group>"; };
		0981468E2A5A68F20084654A /* LoginViewController.swift */ = {isa = PBXFileReference; lastKnownFileType = sourcecode.swift; path = LoginViewController.swift; sourceTree = "<group>"; };
		098146912A5A6B1C0084654A /* requests.json */ = {isa = PBXFileReference; lastKnownFileType = text.json; path = requests.json; sourceTree = "<group>"; };
		098146932A5A6B3B0084654A /* Request.swift */ = {isa = PBXFileReference; lastKnownFileType = sourcecode.swift; path = Request.swift; sourceTree = "<group>"; };
		098146962A5A6B9A0084654A /* JsonHelper.swift */ = {isa = PBXFileReference; lastKnownFileType = sourcecode.swift; path = JsonHelper.swift; sourceTree = "<group>"; };
		098E1BA32A4CDFE400E1ACAA /* HomeViewController.swift */ = {isa = PBXFileReference; lastKnownFileType = sourcecode.swift; path = HomeViewController.swift; sourceTree = "<group>"; };
		098E1BA52A4CE2DE00E1ACAA /* ServiceRequestViewController.swift */ = {isa = PBXFileReference; lastKnownFileType = sourcecode.swift; path = ServiceRequestViewController.swift; sourceTree = "<group>"; };
		0993C99C2A4EFA6D000C0528 /* HealthViewController.swift */ = {isa = PBXFileReference; lastKnownFileType = sourcecode.swift; path = HealthViewController.swift; sourceTree = "<group>"; };
		09BF2C762A49B31B009F2EA1 /* seniorservice.app */ = {isa = PBXFileReference; explicitFileType = wrapper.application; includeInIndex = 0; path = seniorservice.app; sourceTree = BUILT_PRODUCTS_DIR; };
		09BF2C792A49B31B009F2EA1 /* AppDelegate.swift */ = {isa = PBXFileReference; lastKnownFileType = sourcecode.swift; path = AppDelegate.swift; sourceTree = "<group>"; };
		09BF2C7B2A49B31B009F2EA1 /* SceneDelegate.swift */ = {isa = PBXFileReference; lastKnownFileType = sourcecode.swift; path = SceneDelegate.swift; sourceTree = "<group>"; };
		09BF2C7D2A49B31B009F2EA1 /* FirstViewController.swift */ = {isa = PBXFileReference; lastKnownFileType = sourcecode.swift; path = FirstViewController.swift; sourceTree = "<group>"; };
		09BF2C802A49B31B009F2EA1 /* Base */ = {isa = PBXFileReference; lastKnownFileType = file.storyboard; name = Base; path = Base.lproj/Main.storyboard; sourceTree = "<group>"; };
		09BF2C852A49B31D009F2EA1 /* Base */ = {isa = PBXFileReference; lastKnownFileType = file.storyboard; name = Base; path = Base.lproj/LaunchScreen.storyboard; sourceTree = "<group>"; };
		09BF2C872A49B31D009F2EA1 /* Info.plist */ = {isa = PBXFileReference; lastKnownFileType = text.plist.xml; path = Info.plist; sourceTree = "<group>"; };
		A004DE862A68A78F00AEDA1B /* Comments */ = {isa = PBXFileReference; lastKnownFileType = text; path = Comments; sourceTree = "<group>"; };
/* End PBXFileReference section */

/* Begin PBXFrameworksBuildPhase section */
		09BF2C732A49B31B009F2EA1 /* Frameworks */ = {
			isa = PBXFrameworksBuildPhase;
			buildActionMask = 2147483647;
			files = (
			);
			runOnlyForDeploymentPostprocessing = 0;
		};
/* End PBXFrameworksBuildPhase section */

/* Begin PBXGroup section */
		098146882A5A36920084654A /* Constants */ = {
			isa = PBXGroup;
			children = (
				098146892A5A36B80084654A /* HomeServicesEnum.swift */,
				0981468B2A5A3D070084654A /* HealthServicesEnum.swift */,
			);
			path = Constants;
			sourceTree = "<group>";
		};
		0981468D2A5A3F980084654A /* Delegates */ = {
			isa = PBXGroup;
			children = (
				09BF2C792A49B31B009F2EA1 /* AppDelegate.swift */,
				09BF2C7B2A49B31B009F2EA1 /* SceneDelegate.swift */,
			);
			path = Delegates;
			sourceTree = "<group>";
		};
		098146902A5A6AB80084654A /* DB */ = {
			isa = PBXGroup;
			children = (
				098146932A5A6B3B0084654A /* Request.swift */,
			);
			path = DB;
			sourceTree = "<group>";
		};
		098146952A5A6B850084654A /* Helpers */ = {
			isa = PBXGroup;
			children = (
				098146962A5A6B9A0084654A /* JsonHelper.swift */,
			);
			path = Helpers;
			sourceTree = "<group>";
		};
		09BF2C6D2A49B31B009F2EA1 = {
			isa = PBXGroup;
			children = (
				09BF2C782A49B31B009F2EA1 /* seniorservice */,
				09BF2C772A49B31B009F2EA1 /* Products */,
			);
			sourceTree = "<group>";
		};
		09BF2C772A49B31B009F2EA1 /* Products */ = {
			isa = PBXGroup;
			children = (
				09BF2C762A49B31B009F2EA1 /* seniorservice.app */,
			);
			name = Products;
			sourceTree = "<group>";
		};
		09BF2C782A49B31B009F2EA1 /* seniorservice */ = {
			isa = PBXGroup;
			children = (
				098146912A5A6B1C0084654A /* requests.json */,
				A004DE862A68A78F00AEDA1B /* Comments */,
				098146952A5A6B850084654A /* Helpers */,
				098146902A5A6AB80084654A /* DB */,
				0981468D2A5A3F980084654A /* Delegates */,
				098146882A5A36920084654A /* Constants */,
				09BF2C8F2A49B4D3009F2EA1 /* Controllers */,
				09BF2C7F2A49B31B009F2EA1 /* Main.storyboard */,
				09BF2C842A49B31D009F2EA1 /* LaunchScreen.storyboard */,
				09BF2C872A49B31D009F2EA1 /* Info.plist */,
			);
			path = seniorservice;
			sourceTree = "<group>";
		};
		09BF2C8F2A49B4D3009F2EA1 /* Controllers */ = {
			isa = PBXGroup;
			children = (
				0913264B2A570CF700D06198 /* PreviousRequestsViewController.swift */,
				098E1BA32A4CDFE400E1ACAA /* HomeViewController.swift */,
				09BF2C7D2A49B31B009F2EA1 /* FirstViewController.swift */,
				0993C99C2A4EFA6D000C0528 /* HealthViewController.swift */,
				098E1BA52A4CE2DE00E1ACAA /* ServiceRequestViewController.swift */,
				0981468E2A5A68F20084654A /* LoginViewController.swift */,
			);
			path = Controllers;
			sourceTree = "<group>";
		};
/* End PBXGroup section */

/* Begin PBXNativeTarget section */
		09BF2C752A49B31B009F2EA1 /* seniorservice */ = {
			isa = PBXNativeTarget;
			buildConfigurationList = 09BF2C8A2A49B31D009F2EA1 /* Build configuration list for PBXNativeTarget "seniorservice" */;
			buildPhases = (
				09BF2C722A49B31B009F2EA1 /* Sources */,
				09BF2C732A49B31B009F2EA1 /* Frameworks */,
				09BF2C742A49B31B009F2EA1 /* Resources */,
			);
			buildRules = (
			);
			dependencies = (
			);
			name = seniorservice;
			productName = seniorservice;
			productReference = 09BF2C762A49B31B009F2EA1 /* seniorservice.app */;
			productType = "com.apple.product-type.application";
		};
/* End PBXNativeTarget section */

/* Begin PBXProject section */
		09BF2C6E2A49B31B009F2EA1 /* Project object */ = {
			isa = PBXProject;
			attributes = {
				BuildIndependentTargetsInParallel = 1;
				LastSwiftUpdateCheck = 1420;
				LastUpgradeCheck = 1420;
				TargetAttributes = {
					09BF2C752A49B31B009F2EA1 = {
						CreatedOnToolsVersion = 14.2;
					};
				};
			};
			buildConfigurationList = 09BF2C712A49B31B009F2EA1 /* Build configuration list for PBXProject "seniorservice" */;
			compatibilityVersion = "Xcode 14.0";
			developmentRegion = en;
			hasScannedForEncodings = 0;
			knownRegions = (
				en,
				Base,
			);
			mainGroup = 09BF2C6D2A49B31B009F2EA1;
			productRefGroup = 09BF2C772A49B31B009F2EA1 /* Products */;
			projectDirPath = "";
			projectRoot = "";
			targets = (
				09BF2C752A49B31B009F2EA1 /* seniorservice */,
			);
		};
/* End PBXProject section */

/* Begin PBXResourcesBuildPhase section */
		09BF2C742A49B31B009F2EA1 /* Resources */ = {
			isa = PBXResourcesBuildPhase;
			buildActionMask = 2147483647;
			files = (
				09BF2C862A49B31D009F2EA1 /* LaunchScreen.storyboard in Resources */,
				098146922A5A6B1C0084654A /* requests.json in Resources */,
				A004DE872A68A78F00AEDA1B /* Comments in Resources */,
				09BF2C812A49B31B009F2EA1 /* Main.storyboard in Resources */,
			);
			runOnlyForDeploymentPostprocessing = 0;
		};
/* End PBXResourcesBuildPhase section */

/* Begin PBXSourcesBuildPhase section */
		09BF2C722A49B31B009F2EA1 /* Sources */ = {
			isa = PBXSourcesBuildPhase;
			buildActionMask = 2147483647;
			files = (
				09BF2C7E2A49B31B009F2EA1 /* FirstViewController.swift in Sources */,
				09BF2C7A2A49B31B009F2EA1 /* AppDelegate.swift in Sources */,
				098146942A5A6B3B0084654A /* Request.swift in Sources */,
				09BF2C7C2A49B31B009F2EA1 /* SceneDelegate.swift in Sources */,
				0981468A2A5A36B80084654A /* HomeServicesEnum.swift in Sources */,
				098E1BA42A4CDFE400E1ACAA /* HomeViewController.swift in Sources */,
				0913264C2A570CF700D06198 /* PreviousRequestsViewController.swift in Sources */,
				0993C99D2A4EFA6D000C0528 /* HealthViewController.swift in Sources */,
				0981468C2A5A3D070084654A /* HealthServicesEnum.swift in Sources */,
				098146972A5A6B9A0084654A /* JsonHelper.swift in Sources */,
				0981468F2A5A68F20084654A /* LoginViewController.swift in Sources */,
				098E1BA62A4CE2DE00E1ACAA /* ServiceRequestViewController.swift in Sources */,
			);
			runOnlyForDeploymentPostprocessing = 0;
		};
/* End PBXSourcesBuildPhase section */

/* Begin PBXVariantGroup section */
		09BF2C7F2A49B31B009F2EA1 /* Main.storyboard */ = {
			isa = PBXVariantGroup;
			children = (
				09BF2C802A49B31B009F2EA1 /* Base */,
			);
			name = Main.storyboard;
			sourceTree = "<group>";
		};
		09BF2C842A49B31D009F2EA1 /* LaunchScreen.storyboard */ = {
			isa = PBXVariantGroup;
			children = (
				09BF2C852A49B31D009F2EA1 /* Base */,
			);
			name = LaunchScreen.storyboard;
			sourceTree = "<group>";
		};
/* End PBXVariantGroup section */

/* Begin XCBuildConfiguration section */
		09BF2C882A49B31D009F2EA1 /* Debug */ = {
			isa = XCBuildConfiguration;
			buildSettings = {
				ALWAYS_SEARCH_USER_PATHS = NO;
				CLANG_ANALYZER_NONNULL = YES;
				CLANG_ANALYZER_NUMBER_OBJECT_CONVERSION = YES_AGGRESSIVE;
				CLANG_CXX_LANGUAGE_STANDARD = "gnu++20";
				CLANG_ENABLE_MODULES = YES;
				CLANG_ENABLE_OBJC_ARC = YES;
				CLANG_ENABLE_OBJC_WEAK = YES;
				CLANG_WARN_BLOCK_CAPTURE_AUTORELEASING = YES;
				CLANG_WARN_BOOL_CONVERSION = YES;
				CLANG_WARN_COMMA = YES;
				CLANG_WARN_CONSTANT_CONVERSION = YES;
				CLANG_WARN_DEPRECATED_OBJC_IMPLEMENTATIONS = YES;
				CLANG_WARN_DIRECT_OBJC_ISA_USAGE = YES_ERROR;
				CLANG_WARN_DOCUMENTATION_COMMENTS = YES;
				CLANG_WARN_EMPTY_BODY = YES;
				CLANG_WARN_ENUM_CONVERSION = YES;
				CLANG_WARN_INFINITE_RECURSION = YES;
				CLANG_WARN_INT_CONVERSION = YES;
				CLANG_WARN_NON_LITERAL_NULL_CONVERSION = YES;
				CLANG_WARN_OBJC_IMPLICIT_RETAIN_SELF = YES;
				CLANG_WARN_OBJC_LITERAL_CONVERSION = YES;
				CLANG_WARN_OBJC_ROOT_CLASS = YES_ERROR;
				CLANG_WARN_QUOTED_INCLUDE_IN_FRAMEWORK_HEADER = YES;
				CLANG_WARN_RANGE_LOOP_ANALYSIS = YES;
				CLANG_WARN_STRICT_PROTOTYPES = YES;
				CLANG_WARN_SUSPICIOUS_MOVE = YES;
				CLANG_WARN_UNGUARDED_AVAILABILITY = YES_AGGRESSIVE;
				CLANG_WARN_UNREACHABLE_CODE = YES;
				CLANG_WARN__DUPLICATE_METHOD_MATCH = YES;
				COPY_PHASE_STRIP = NO;
				DEBUG_INFORMATION_FORMAT = dwarf;
				ENABLE_STRICT_OBJC_MSGSEND = YES;
				ENABLE_TESTABILITY = YES;
				GCC_C_LANGUAGE_STANDARD = gnu11;
				GCC_DYNAMIC_NO_PIC = NO;
				GCC_NO_COMMON_BLOCKS = YES;
				GCC_OPTIMIZATION_LEVEL = 0;
				GCC_PREPROCESSOR_DEFINITIONS = (
					"DEBUG=1",
					"$(inherited)",
				);
				GCC_WARN_64_TO_32_BIT_CONVERSION = YES;
				GCC_WARN_ABOUT_RETURN_TYPE = YES_ERROR;
				GCC_WARN_UNDECLARED_SELECTOR = YES;
				GCC_WARN_UNINITIALIZED_AUTOS = YES_AGGRESSIVE;
				GCC_WARN_UNUSED_FUNCTION = YES;
				GCC_WARN_UNUSED_VARIABLE = YES;
				IPHONEOS_DEPLOYMENT_TARGET = 16.2;
				MTL_ENABLE_DEBUG_INFO = INCLUDE_SOURCE;
				MTL_FAST_MATH = YES;
				ONLY_ACTIVE_ARCH = YES;
				SDKROOT = iphoneos;
				SWIFT_ACTIVE_COMPILATION_CONDITIONS = DEBUG;
				SWIFT_OPTIMIZATION_LEVEL = "-Onone";
			};
			name = Debug;
		};
		09BF2C892A49B31D009F2EA1 /* Release */ = {
			isa = XCBuildConfiguration;
			buildSettings = {
				ALWAYS_SEARCH_USER_PATHS = NO;
				CLANG_ANALYZER_NONNULL = YES;
				CLANG_ANALYZER_NUMBER_OBJECT_CONVERSION = YES_AGGRESSIVE;
				CLANG_CXX_LANGUAGE_STANDARD = "gnu++20";
				CLANG_ENABLE_MODULES = YES;
				CLANG_ENABLE_OBJC_ARC = YES;
				CLANG_ENABLE_OBJC_WEAK = YES;
				CLANG_WARN_BLOCK_CAPTURE_AUTORELEASING = YES;
				CLANG_WARN_BOOL_CONVERSION = YES;
				CLANG_WARN_COMMA = YES;
				CLANG_WARN_CONSTANT_CONVERSION = YES;
				CLANG_WARN_DEPRECATED_OBJC_IMPLEMENTATIONS = YES;
				CLANG_WARN_DIRECT_OBJC_ISA_USAGE = YES_ERROR;
				CLANG_WARN_DOCUMENTATION_COMMENTS = YES;
				CLANG_WARN_EMPTY_BODY = YES;
				CLANG_WARN_ENUM_CONVERSION = YES;
				CLANG_WARN_INFINITE_RECURSION = YES;
				CLANG_WARN_INT_CONVERSION = YES;
				CLANG_WARN_NON_LITERAL_NULL_CONVERSION = YES;
				CLANG_WARN_OBJC_IMPLICIT_RETAIN_SELF = YES;
				CLANG_WARN_OBJC_LITERAL_CONVERSION = YES;
				CLANG_WARN_OBJC_ROOT_CLASS = YES_ERROR;
				CLANG_WARN_QUOTED_INCLUDE_IN_FRAMEWORK_HEADER = YES;
				CLANG_WARN_RANGE_LOOP_ANALYSIS = YES;
				CLANG_WARN_STRICT_PROTOTYPES = YES;
				CLANG_WARN_SUSPICIOUS_MOVE = YES;
				CLANG_WARN_UNGUARDED_AVAILABILITY = YES_AGGRESSIVE;
				CLANG_WARN_UNREACHABLE_CODE = YES;
				CLANG_WARN__DUPLICATE_METHOD_MATCH = YES;
				COPY_PHASE_STRIP = NO;
				DEBUG_INFORMATION_FORMAT = "dwarf-with-dsym";
				ENABLE_NS_ASSERTIONS = NO;
				ENABLE_STRICT_OBJC_MSGSEND = YES;
				GCC_C_LANGUAGE_STANDARD = gnu11;
				GCC_NO_COMMON_BLOCKS = YES;
				GCC_WARN_64_TO_32_BIT_CONVERSION = YES;
				GCC_WARN_ABOUT_RETURN_TYPE = YES_ERROR;
				GCC_WARN_UNDECLARED_SELECTOR = YES;
				GCC_WARN_UNINITIALIZED_AUTOS = YES_AGGRESSIVE;
				GCC_WARN_UNUSED_FUNCTION = YES;
				GCC_WARN_UNUSED_VARIABLE = YES;
				IPHONEOS_DEPLOYMENT_TARGET = 16.2;
				MTL_ENABLE_DEBUG_INFO = NO;
				MTL_FAST_MATH = YES;
				SDKROOT = iphoneos;
				SWIFT_COMPILATION_MODE = wholemodule;
				SWIFT_OPTIMIZATION_LEVEL = "-O";
				VALIDATE_PRODUCT = YES;
			};
			name = Release;
		};
		09BF2C8B2A49B31D009F2EA1 /* Debug */ = {
			isa = XCBuildConfiguration;
			buildSettings = {
				ASSETCATALOG_COMPILER_APPICON_NAME = AppIcon;
				ASSETCATALOG_COMPILER_GLOBAL_ACCENT_COLOR_NAME = AccentColor;
				CODE_SIGN_STYLE = Automatic;
				CURRENT_PROJECT_VERSION = 1;
				DEVELOPMENT_TEAM = LFT78YCJ38;
				GENERATE_INFOPLIST_FILE = YES;
				INFOPLIST_FILE = seniorservice/Info.plist;
				INFOPLIST_KEY_CFBundleDisplayName = Services;
				INFOPLIST_KEY_LSApplicationCategoryType = "public.app-category.utilities";
				INFOPLIST_KEY_UIApplicationSupportsIndirectInputEvents = YES;
				INFOPLIST_KEY_UILaunchStoryboardName = LaunchScreen;
				INFOPLIST_KEY_UIMainStoryboardFile = Main;
				INFOPLIST_KEY_UISupportedInterfaceOrientations = UIInterfaceOrientationPortrait;
				INFOPLIST_KEY_UISupportedInterfaceOrientations_iPad = "UIInterfaceOrientationLandscapeLeft UIInterfaceOrientationLandscapeRight UIInterfaceOrientationPortrait UIInterfaceOrientationPortraitUpsideDown";
				LD_RUNPATH_SEARCH_PATHS = (
					"$(inherited)",
					"@executable_path/Frameworks",
				);
				MARKETING_VERSION = 1.0;
				PRODUCT_BUNDLE_IDENTIFIER = com.negin.seniorservice;
				PRODUCT_NAME = "$(TARGET_NAME)";
				SUPPORTED_PLATFORMS = "iphoneos iphonesimulator";
				SUPPORTS_MACCATALYST = NO;
				SUPPORTS_MAC_DESIGNED_FOR_IPHONE_IPAD = NO;
				SWIFT_EMIT_LOC_STRINGS = YES;
				SWIFT_VERSION = 5.0;
				TARGETED_DEVICE_FAMILY = 1;
			};
			name = Debug;
		};
		09BF2C8C2A49B31D009F2EA1 /* Release */ = {
			isa = XCBuildConfiguration;
			buildSettings = {
				ASSETCATALOG_COMPILER_APPICON_NAME = AppIcon;
				ASSETCATALOG_COMPILER_GLOBAL_ACCENT_COLOR_NAME = AccentColor;
				CODE_SIGN_STYLE = Automatic;
				CURRENT_PROJECT_VERSION = 1;
				DEVELOPMENT_TEAM = LFT78YCJ38;
				GENERATE_INFOPLIST_FILE = YES;
				INFOPLIST_FILE = seniorservice/Info.plist;
				INFOPLIST_KEY_CFBundleDisplayName = Services;
				INFOPLIST_KEY_LSApplicationCategoryType = "public.app-category.utilities";
				INFOPLIST_KEY_UIApplicationSupportsIndirectInputEvents = YES;
				INFOPLIST_KEY_UILaunchStoryboardName = LaunchScreen;
				INFOPLIST_KEY_UIMainStoryboardFile = Main;
				INFOPLIST_KEY_UISupportedInterfaceOrientations = UIInterfaceOrientationPortrait;
				INFOPLIST_KEY_UISupportedInterfaceOrientations_iPad = "UIInterfaceOrientationLandscapeLeft UIInterfaceOrientationLandscapeRight UIInterfaceOrientationPortrait UIInterfaceOrientationPortraitUpsideDown";
				LD_RUNPATH_SEARCH_PATHS = (
					"$(inherited)",
					"@executable_path/Frameworks",
				);
				MARKETING_VERSION = 1.0;
				PRODUCT_BUNDLE_IDENTIFIER = com.negin.seniorservice;
				PRODUCT_NAME = "$(TARGET_NAME)";
				SUPPORTED_PLATFORMS = "iphoneos iphonesimulator";
				SUPPORTS_MACCATALYST = NO;
				SUPPORTS_MAC_DESIGNED_FOR_IPHONE_IPAD = NO;
				SWIFT_EMIT_LOC_STRINGS = YES;
				SWIFT_VERSION = 5.0;
				TARGETED_DEVICE_FAMILY = 1;
			};
			name = Release;
		};
/* End XCBuildConfiguration section */

/* Begin XCConfigurationList section */
		09BF2C712A49B31B009F2EA1 /* Build configuration list for PBXProject "seniorservice" */ = {
			isa = XCConfigurationList;
			buildConfigurations = (
				09BF2C882A49B31D009F2EA1 /* Debug */,
				09BF2C892A49B31D009F2EA1 /* Release */,
			);
			defaultConfigurationIsVisible = 0;
			defaultConfigurationName = Release;
		};
		09BF2C8A2A49B31D009F2EA1 /* Build configuration list for PBXNativeTarget "seniorservice" */ = {
			isa = XCConfigurationList;
			buildConfigurations = (
				09BF2C8B2A49B31D009F2EA1 /* Debug */,
				09BF2C8C2A49B31D009F2EA1 /* Release */,
			);
			defaultConfigurationIsVisible = 0;
			defaultConfigurationName = Release;
		};
/* End XCConfigurationList section */
	};
	rootObject = 09BF2C6E2A49B31B009F2EA1 /* Project object */;
}
